// !$*UTF8*$!
{
	archiveVersion = 1;
	classes = {
	};
	objectVersion = 51;
	objects = {

/* Begin PBXBuildFile section */
		58A1CFCBCC16BAB7D491FF16 /* Pods_ShareTracker.framework in Frameworks */ = {isa = PBXBuildFile; fileRef = 4C8CC97AF7A877C4F89AEFD1 /* Pods_ShareTracker.framework */; };
		7D374A2426283033003EEF59 /* ShareTrackerApp.swift in Sources */ = {isa = PBXBuildFile; fileRef = 7D374A2326283033003EEF59 /* ShareTrackerApp.swift */; };
		7D374A2626283033003EEF59 /* ContentView.swift in Sources */ = {isa = PBXBuildFile; fileRef = 7D374A2526283033003EEF59 /* ContentView.swift */; };
		7D374A2826283034003EEF59 /* Assets.xcassets in Resources */ = {isa = PBXBuildFile; fileRef = 7D374A2726283034003EEF59 /* Assets.xcassets */; };
		7D374A2B26283034003EEF59 /* Preview Assets.xcassets in Resources */ = {isa = PBXBuildFile; fileRef = 7D374A2A26283034003EEF59 /* Preview Assets.xcassets */; };
		7D38AD1426A352840044317F /* SearchBar.swift in Sources */ = {isa = PBXBuildFile; fileRef = 7D38AD1326A352840044317F /* SearchBar.swift */; };
		7D38AD1726A352A60044317F /* CellView.swift in Sources */ = {isa = PBXBuildFile; fileRef = 7D38AD1626A352A60044317F /* CellView.swift */; };
		7D5AAAFB26A8090B009C27B2 /* CompaniesView.swift in Sources */ = {isa = PBXBuildFile; fileRef = 7D5AAAFA26A8090B009C27B2 /* CompaniesView.swift */; };
		7DDCF6FC265A60E0006750A7 /* constituents.csv in Resources */ = {isa = PBXBuildFile; fileRef = 7DDCF6FB265A60E0006750A7 /* constituents.csv */; };
		7DE5E932268601DE006D3BF8 /* ViewModel.swift in Sources */ = {isa = PBXBuildFile; fileRef = 7DE5E931268601DE006D3BF8 /* ViewModel.swift */; };
		7DEFB937268C78CE00DCA655 /* CompanyInfo.swift in Sources */ = {isa = PBXBuildFile; fileRef = 7DEFB936268C78CE00DCA655 /* CompanyInfo.swift */; };
/* End PBXBuildFile section */

/* Begin PBXFileReference section */
		4C8CC97AF7A877C4F89AEFD1 /* Pods_ShareTracker.framework */ = {isa = PBXFileReference; explicitFileType = wrapper.framework; includeInIndex = 0; path = Pods_ShareTracker.framework; sourceTree = BUILT_PRODUCTS_DIR; };
		5487DFFB44C12E2CD58702DD /* Pods-ShareTracker.release.xcconfig */ = {isa = PBXFileReference; includeInIndex = 1; lastKnownFileType = text.xcconfig; name = "Pods-ShareTracker.release.xcconfig"; path = "Target Support Files/Pods-ShareTracker/Pods-ShareTracker.release.xcconfig"; sourceTree = "<group>"; };
		7D374A2026283033003EEF59 /* ShareTracker.app */ = {isa = PBXFileReference; explicitFileType = wrapper.application; includeInIndex = 0; path = ShareTracker.app; sourceTree = BUILT_PRODUCTS_DIR; };
		7D374A2326283033003EEF59 /* ShareTrackerApp.swift */ = {isa = PBXFileReference; lastKnownFileType = sourcecode.swift; path = ShareTrackerApp.swift; sourceTree = "<group>"; };
		7D374A2526283033003EEF59 /* ContentView.swift */ = {isa = PBXFileReference; lastKnownFileType = sourcecode.swift; path = ContentView.swift; sourceTree = "<group>"; };
		7D374A2726283034003EEF59 /* Assets.xcassets */ = {isa = PBXFileReference; lastKnownFileType = folder.assetcatalog; path = Assets.xcassets; sourceTree = "<group>"; };
		7D374A2A26283034003EEF59 /* Preview Assets.xcassets */ = {isa = PBXFileReference; lastKnownFileType = folder.assetcatalog; path = "Preview Assets.xcassets"; sourceTree = "<group>"; };
		7D374A2C26283034003EEF59 /* Info.plist */ = {isa = PBXFileReference; lastKnownFileType = text.plist.xml; path = Info.plist; sourceTree = "<group>"; };
		7D38AD1326A352840044317F /* SearchBar.swift */ = {isa = PBXFileReference; lastKnownFileType = sourcecode.swift; path = SearchBar.swift; sourceTree = "<group>"; };
		7D38AD1626A352A60044317F /* CellView.swift */ = {isa = PBXFileReference; lastKnownFileType = sourcecode.swift; path = CellView.swift; sourceTree = "<group>"; };
		7D5AAAFA26A8090B009C27B2 /* CompaniesView.swift */ = {isa = PBXFileReference; lastKnownFileType = sourcecode.swift; path = CompaniesView.swift; sourceTree = "<group>"; };
		7DDCF6FB265A60E0006750A7 /* constituents.csv */ = {isa = PBXFileReference; fileEncoding = 4; lastKnownFileType = text; path = constituents.csv; sourceTree = "<group>"; };
		7DE5E931268601DE006D3BF8 /* ViewModel.swift */ = {isa = PBXFileReference; lastKnownFileType = sourcecode.swift; path = ViewModel.swift; sourceTree = "<group>"; };
		7DEFB936268C78CE00DCA655 /* CompanyInfo.swift */ = {isa = PBXFileReference; lastKnownFileType = sourcecode.swift; path = CompanyInfo.swift; sourceTree = "<group>"; };
		FB4D20CA16D6D418B4E15A11 /* Pods-ShareTracker.debug.xcconfig */ = {isa = PBXFileReference; includeInIndex = 1; lastKnownFileType = text.xcconfig; name = "Pods-ShareTracker.debug.xcconfig"; path = "Target Support Files/Pods-ShareTracker/Pods-ShareTracker.debug.xcconfig"; sourceTree = "<group>"; };
/* End PBXFileReference section */

/* Begin PBXFrameworksBuildPhase section */
		7D374A1D26283033003EEF59 /* Frameworks */ = {
			isa = PBXFrameworksBuildPhase;
			buildActionMask = 2147483647;
			files = (
				58A1CFCBCC16BAB7D491FF16 /* Pods_ShareTracker.framework in Frameworks */,
			);
			runOnlyForDeploymentPostprocessing = 0;
		};
/* End PBXFrameworksBuildPhase section */

/* Begin PBXGroup section */
		2B23FF22573C48B37C2B3DEF /* Frameworks */ = {
			isa = PBXGroup;
			children = (
				4C8CC97AF7A877C4F89AEFD1 /* Pods_ShareTracker.framework */,
			);
			name = Frameworks;
			sourceTree = "<group>";
		};
		525FF64A7E0557CCD4EE15BF /* Pods */ = {
			isa = PBXGroup;
			children = (
				FB4D20CA16D6D418B4E15A11 /* Pods-ShareTracker.debug.xcconfig */,
				5487DFFB44C12E2CD58702DD /* Pods-ShareTracker.release.xcconfig */,
			);
			path = Pods;
			sourceTree = "<group>";
		};
		7D374A1726283033003EEF59 = {
			isa = PBXGroup;
			children = (
				7D374A2226283033003EEF59 /* ShareTracker */,
				7D374A2126283033003EEF59 /* Products */,
				525FF64A7E0557CCD4EE15BF /* Pods */,
				2B23FF22573C48B37C2B3DEF /* Frameworks */,
			);
			sourceTree = "<group>";
		};
		7D374A2126283033003EEF59 /* Products */ = {
			isa = PBXGroup;
			children = (
				7D374A2026283033003EEF59 /* ShareTracker.app */,
			);
			name = Products;
			sourceTree = "<group>";
		};
		7D374A2226283033003EEF59 /* ShareTracker */ = {
			isa = PBXGroup;
			children = (
				7D38AD1926A354C80044317F /* ViewModels */,
				7D38AD0E26A326900044317F /* Views */,
				7DEFB93A268C7D8700DCA655 /* Models */,
				7DDCF6FB265A60E0006750A7 /* constituents.csv */,
				7D374A2326283033003EEF59 /* ShareTrackerApp.swift */,
				7D374A2726283034003EEF59 /* Assets.xcassets */,
				7D374A2C26283034003EEF59 /* Info.plist */,
				7D374A2926283034003EEF59 /* Preview Content */,
			);
			path = ShareTracker;
			sourceTree = "<group>";
		};
		7D374A2926283034003EEF59 /* Preview Content */ = {
			isa = PBXGroup;
			children = (
				7D374A2A26283034003EEF59 /* Preview Assets.xcassets */,
			);
			path = "Preview Content";
			sourceTree = "<group>";
		};
		7D38AD0E26A326900044317F /* Views */ = {
			isa = PBXGroup;
			children = (
				7D374A2526283033003EEF59 /* ContentView.swift */,
				7D38AD1326A352840044317F /* SearchBar.swift */,
				7D38AD1626A352A60044317F /* CellView.swift */,
				7D5AAAFA26A8090B009C27B2 /* CompaniesView.swift */,
			);
			path = Views;
			sourceTree = "<group>";
		};
		7D38AD1926A354C80044317F /* ViewModels */ = {
			isa = PBXGroup;
			children = (
				7DE5E931268601DE006D3BF8 /* ViewModel.swift */,
			);
			path = ViewModels;
			sourceTree = "<group>";
		};
		7DEFB93A268C7D8700DCA655 /* Models */ = {
			isa = PBXGroup;
			children = (
				7DEFB936268C78CE00DCA655 /* CompanyInfo.swift */,
			);
			path = Models;
			sourceTree = "<group>";
		};
/* End PBXGroup section */

/* Begin PBXNativeTarget section */
		7D374A1F26283033003EEF59 /* ShareTracker */ = {
			isa = PBXNativeTarget;
			buildConfigurationList = 7D374A2F26283034003EEF59 /* Build configuration list for PBXNativeTarget "ShareTracker" */;
			buildPhases = (
				B9790A9D118E4B0DF47F5BC9 /* [CP] Check Pods Manifest.lock */,
				7D374A1C26283033003EEF59 /* Sources */,
				7D374A1D26283033003EEF59 /* Frameworks */,
				7D374A1E26283033003EEF59 /* Resources */,
				2309DF9F717D41EDEC97EAE5 /* [CP] Embed Pods Frameworks */,
			);
			buildRules = (
			);
			dependencies = (
			);
			name = ShareTracker;
			productName = ShareTracker;
			productReference = 7D374A2026283033003EEF59 /* ShareTracker.app */;
			productType = "com.apple.product-type.application";
		};
/* End PBXNativeTarget section */

/* Begin PBXProject section */
		7D374A1826283033003EEF59 /* Project object */ = {
			isa = PBXProject;
			attributes = {
				LastSwiftUpdateCheck = 1240;
				LastUpgradeCheck = 1240;
				TargetAttributes = {
					7D374A1F26283033003EEF59 = {
						CreatedOnToolsVersion = 12.4;
					};
				};
			};
			buildConfigurationList = 7D374A1B26283033003EEF59 /* Build configuration list for PBXProject "ShareTracker" */;
			compatibilityVersion = "Xcode 9.3";
			developmentRegion = en;
			hasScannedForEncodings = 0;
			knownRegions = (
				en,
				Base,
			);
			mainGroup = 7D374A1726283033003EEF59;
			productRefGroup = 7D374A2126283033003EEF59 /* Products */;
			projectDirPath = "";
			projectRoot = "";
			targets = (
				7D374A1F26283033003EEF59 /* ShareTracker */,
			);
		};
/* End PBXProject section */

/* Begin PBXResourcesBuildPhase section */
		7D374A1E26283033003EEF59 /* Resources */ = {
			isa = PBXResourcesBuildPhase;
			buildActionMask = 2147483647;
			files = (
				7DDCF6FC265A60E0006750A7 /* constituents.csv in Resources */,
				7D374A2B26283034003EEF59 /* Preview Assets.xcassets in Resources */,
				7D374A2826283034003EEF59 /* Assets.xcassets in Resources */,
			);
			runOnlyForDeploymentPostprocessing = 0;
		};
/* End PBXResourcesBuildPhase section */

/* Begin PBXShellScriptBuildPhase section */
		2309DF9F717D41EDEC97EAE5 /* [CP] Embed Pods Frameworks */ = {
			isa = PBXShellScriptBuildPhase;
			buildActionMask = 2147483647;
			files = (
			);
			inputFileListPaths = (
				"${PODS_ROOT}/Target Support Files/Pods-ShareTracker/Pods-ShareTracker-frameworks-${CONFIGURATION}-input-files.xcfilelist",
			);
			name = "[CP] Embed Pods Frameworks";
			outputFileListPaths = (
				"${PODS_ROOT}/Target Support Files/Pods-ShareTracker/Pods-ShareTracker-frameworks-${CONFIGURATION}-output-files.xcfilelist",
			);
			runOnlyForDeploymentPostprocessing = 0;
			shellPath = /bin/sh;
			shellScript = "\"${PODS_ROOT}/Target Support Files/Pods-ShareTracker/Pods-ShareTracker-frameworks.sh\"\n";
			showEnvVarsInLog = 0;
		};
		B9790A9D118E4B0DF47F5BC9 /* [CP] Check Pods Manifest.lock */ = {
			isa = PBXShellScriptBuildPhase;
			buildActionMask = 2147483647;
			files = (
			);
			inputFileListPaths = (
			);
			inputPaths = (
				"${PODS_PODFILE_DIR_PATH}/Podfile.lock",
				"${PODS_ROOT}/Manifest.lock",
			);
			name = "[CP] Check Pods Manifest.lock";
			outputFileListPaths = (
			);
			outputPaths = (
				"$(DERIVED_FILE_DIR)/Pods-ShareTracker-checkManifestLockResult.txt",
			);
			runOnlyForDeploymentPostprocessing = 0;
			shellPath = /bin/sh;
			shellScript = "diff \"${PODS_PODFILE_DIR_PATH}/Podfile.lock\" \"${PODS_ROOT}/Manifest.lock\" > /dev/null\nif [ $? != 0 ] ; then\n    # print error to STDERR\n    echo \"error: The sandbox is not in sync with the Podfile.lock. Run 'pod install' or update your CocoaPods installation.\" >&2\n    exit 1\nfi\n# This output is used by Xcode 'outputs' to avoid re-running this script phase.\necho \"SUCCESS\" > \"${SCRIPT_OUTPUT_FILE_0}\"\n";
			showEnvVarsInLog = 0;
		};
/* End PBXShellScriptBuildPhase section */

/* Begin PBXSourcesBuildPhase section */
		7D374A1C26283033003EEF59 /* Sources */ = {
			isa = PBXSourcesBuildPhase;
			buildActionMask = 2147483647;
			files = (
				7DEFB937268C78CE00DCA655 /* CompanyInfo.swift in Sources */,
				7D374A2626283033003EEF59 /* ContentView.swift in Sources */,
				7D38AD1726A352A60044317F /* CellView.swift in Sources */,
				7D38AD1426A352840044317F /* SearchBar.swift in Sources */,
				7DE5E932268601DE006D3BF8 /* ViewModel.swift in Sources */,
				7D374A2426283033003EEF59 /* ShareTrackerApp.swift in Sources */,
				7D5AAAFB26A8090B009C27B2 /* CompaniesView.swift in Sources */,
			);
			runOnlyForDeploymentPostprocessing = 0;
		};
/* End PBXSourcesBuildPhase section */

/* Begin XCBuildConfiguration section */
		7D374A2D26283034003EEF59 /* Debug */ = {
			isa = XCBuildConfiguration;
			buildSettings = {
				ALWAYS_SEARCH_USER_PATHS = NO;
				CLANG_ANALYZER_NONNULL = YES;
				CLANG_ANALYZER_NUMBER_OBJECT_CONVERSION = YES_AGGRESSIVE;
				CLANG_CXX_LANGUAGE_STANDARD = "gnu++14";
				CLANG_CXX_LIBRARY = "libc++";
				CLANG_ENABLE_MODULES = YES;
				CLANG_ENABLE_OBJC_ARC = YES;
				CLANG_ENABLE_OBJC_WEAK = YES;
				CLANG_WARN_BLOCK_CAPTURE_AUTORELEASING = YES;
				CLANG_WARN_BOOL_CONVERSION = YES;
				CLANG_WARN_COMMA = YES;
				CLANG_WARN_CONSTANT_CONVERSION = YES;
				CLANG_WARN_DEPRECATED_OBJC_IMPLEMENTATIONS = YES;
				CLANG_WARN_DIRECT_OBJC_ISA_USAGE = YES_ERROR;
				CLANG_WARN_DOCUMENTATION_COMMENTS = YES;
				CLANG_WARN_EMPTY_BODY = YES;
				CLANG_WARN_ENUM_CONVERSION = YES;
				CLANG_WARN_INFINITE_RECURSION = YES;
				CLANG_WARN_INT_CONVERSION = YES;
				CLANG_WARN_NON_LITERAL_NULL_CONVERSION = YES;
				CLANG_WARN_OBJC_IMPLICIT_RETAIN_SELF = YES;
				CLANG_WARN_OBJC_LITERAL_CONVERSION = YES;
				CLANG_WARN_OBJC_ROOT_CLASS = YES_ERROR;
				CLANG_WARN_QUOTED_INCLUDE_IN_FRAMEWORK_HEADER = YES;
				CLANG_WARN_RANGE_LOOP_ANALYSIS = YES;
				CLANG_WARN_STRICT_PROTOTYPES = YES;
				CLANG_WARN_SUSPICIOUS_MOVE = YES;
				CLANG_WARN_UNGUARDED_AVAILABILITY = YES_AGGRESSIVE;
				CLANG_WARN_UNREACHABLE_CODE = YES;
				CLANG_WARN__DUPLICATE_METHOD_MATCH = YES;
				COPY_PHASE_STRIP = NO;
				DEBUG_INFORMATION_FORMAT = dwarf;
				ENABLE_STRICT_OBJC_MSGSEND = YES;
				ENABLE_TESTABILITY = YES;
				GCC_C_LANGUAGE_STANDARD = gnu11;
				GCC_DYNAMIC_NO_PIC = NO;
				GCC_NO_COMMON_BLOCKS = YES;
				GCC_OPTIMIZATION_LEVEL = 0;
				GCC_PREPROCESSOR_DEFINITIONS = (
					"DEBUG=1",
					"$(inherited)",
				);
				GCC_WARN_64_TO_32_BIT_CONVERSION = YES;
				GCC_WARN_ABOUT_RETURN_TYPE = YES_ERROR;
				GCC_WARN_UNDECLARED_SELECTOR = YES;
				GCC_WARN_UNINITIALIZED_AUTOS = YES_AGGRESSIVE;
				GCC_WARN_UNUSED_FUNCTION = YES;
				GCC_WARN_UNUSED_VARIABLE = YES;
				IPHONEOS_DEPLOYMENT_TARGET = 14.4;
				MTL_ENABLE_DEBUG_INFO = INCLUDE_SOURCE;
				MTL_FAST_MATH = YES;
				ONLY_ACTIVE_ARCH = YES;
				SDKROOT = iphoneos;
				SWIFT_ACTIVE_COMPILATION_CONDITIONS = DEBUG;
				SWIFT_OPTIMIZATION_LEVEL = "-Onone";
			};
			name = Debug;
		};
		7D374A2E26283034003EEF59 /* Release */ = {
			isa = XCBuildConfiguration;
			buildSettings = {
				ALWAYS_SEARCH_USER_PATHS = NO;
				CLANG_ANALYZER_NONNULL = YES;
				CLANG_ANALYZER_NUMBER_OBJECT_CONVERSION = YES_AGGRESSIVE;
				CLANG_CXX_LANGUAGE_STANDARD = "gnu++14";
				CLANG_CXX_LIBRARY = "libc++";
				CLANG_ENABLE_MODULES = YES;
				CLANG_ENABLE_OBJC_ARC = YES;
				CLANG_ENABLE_OBJC_WEAK = YES;
				CLANG_WARN_BLOCK_CAPTURE_AUTORELEASING = YES;
				CLANG_WARN_BOOL_CONVERSION = YES;
				CLANG_WARN_COMMA = YES;
				CLANG_WARN_CONSTANT_CONVERSION = YES;
				CLANG_WARN_DEPRECATED_OBJC_IMPLEMENTATIONS = YES;
				CLANG_WARN_DIRECT_OBJC_ISA_USAGE = YES_ERROR;
				CLANG_WARN_DOCUMENTATION_COMMENTS = YES;
				CLANG_WARN_EMPTY_BODY = YES;
				CLANG_WARN_ENUM_CONVERSION = YES;
				CLANG_WARN_INFINITE_RECURSION = YES;
				CLANG_WARN_INT_CONVERSION = YES;
				CLANG_WARN_NON_LITERAL_NULL_CONVERSION = YES;
				CLANG_WARN_OBJC_IMPLICIT_RETAIN_SELF = YES;
				CLANG_WARN_OBJC_LITERAL_CONVERSION = YES;
				CLANG_WARN_OBJC_ROOT_CLASS = YES_ERROR;
				CLANG_WARN_QUOTED_INCLUDE_IN_FRAMEWORK_HEADER = YES;
				CLANG_WARN_RANGE_LOOP_ANALYSIS = YES;
				CLANG_WARN_STRICT_PROTOTYPES = YES;
				CLANG_WARN_SUSPICIOUS_MOVE = YES;
				CLANG_WARN_UNGUARDED_AVAILABILITY = YES_AGGRESSIVE;
				CLANG_WARN_UNREACHABLE_CODE = YES;
				CLANG_WARN__DUPLICATE_METHOD_MATCH = YES;
				COPY_PHASE_STRIP = NO;
				DEBUG_INFORMATION_FORMAT = "dwarf-with-dsym";
				ENABLE_NS_ASSERTIONS = NO;
				ENABLE_STRICT_OBJC_MSGSEND = YES;
				GCC_C_LANGUAGE_STANDARD = gnu11;
				GCC_NO_COMMON_BLOCKS = YES;
				GCC_WARN_64_TO_32_BIT_CONVERSION = YES;
				GCC_WARN_ABOUT_RETURN_TYPE = YES_ERROR;
				GCC_WARN_UNDECLARED_SELECTOR = YES;
				GCC_WARN_UNINITIALIZED_AUTOS = YES_AGGRESSIVE;
				GCC_WARN_UNUSED_FUNCTION = YES;
				GCC_WARN_UNUSED_VARIABLE = YES;
				IPHONEOS_DEPLOYMENT_TARGET = 14.4;
				MTL_ENABLE_DEBUG_INFO = NO;
				MTL_FAST_MATH = YES;
				SDKROOT = iphoneos;
				SWIFT_COMPILATION_MODE = wholemodule;
				SWIFT_OPTIMIZATION_LEVEL = "-O";
				VALIDATE_PRODUCT = YES;
			};
			name = Release;
		};
		7D374A3026283034003EEF59 /* Debug */ = {
			isa = XCBuildConfiguration;
			baseConfigurationReference = FB4D20CA16D6D418B4E15A11 /* Pods-ShareTracker.debug.xcconfig */;
			buildSettings = {
				ASSETCATALOG_COMPILER_APPICON_NAME = AppIcon;
				ASSETCATALOG_COMPILER_GLOBAL_ACCENT_COLOR_NAME = AccentColor;
				CODE_SIGN_STYLE = Automatic;
				DEVELOPMENT_ASSET_PATHS = "\"ShareTracker/Preview Content\"";
				DEVELOPMENT_TEAM = 2R782SXW3H;
				ENABLE_PREVIEWS = YES;
				INFOPLIST_FILE = ShareTracker/Info.plist;
				IPHONEOS_DEPLOYMENT_TARGET = 14.0;
				LD_RUNPATH_SEARCH_PATHS = (
					"$(inherited)",
					"@executable_path/Frameworks",
				);
				PRODUCT_BUNDLE_IDENTIFIER = Erkhaan.ShareTracker;
				PRODUCT_NAME = "$(TARGET_NAME)";
				SWIFT_VERSION = 5.0;
				TARGETED_DEVICE_FAMILY = "1,2";
			};
			name = Debug;
		};
		7D374A3126283034003EEF59 /* Release */ = {
			isa = XCBuildConfiguration;
			baseConfigurationReference = 5487DFFB44C12E2CD58702DD /* Pods-ShareTracker.release.xcconfig */;
			buildSettings = {
				ASSETCATALOG_COMPILER_APPICON_NAME = AppIcon;
				ASSETCATALOG_COMPILER_GLOBAL_ACCENT_COLOR_NAME = AccentColor;
				CODE_SIGN_STYLE = Automatic;
				DEVELOPMENT_ASSET_PATHS = "\"ShareTracker/Preview Content\"";
				DEVELOPMENT_TEAM = 2R782SXW3H;
				ENABLE_PREVIEWS = YES;
				INFOPLIST_FILE = ShareTracker/Info.plist;
				IPHONEOS_DEPLOYMENT_TARGET = 14.0;
				LD_RUNPATH_SEARCH_PATHS = (
					"$(inherited)",
					"@executable_path/Frameworks",
				);
				PRODUCT_BUNDLE_IDENTIFIER = Erkhaan.ShareTracker;
				PRODUCT_NAME = "$(TARGET_NAME)";
				SWIFT_VERSION = 5.0;
				TARGETED_DEVICE_FAMILY = "1,2";
			};
			name = Release;
		};
/* End XCBuildConfiguration section */

/* Begin XCConfigurationList section */
		7D374A1B26283033003EEF59 /* Build configuration list for PBXProject "ShareTracker" */ = {
			isa = XCConfigurationList;
			buildConfigurations = (
				7D374A2D26283034003EEF59 /* Debug */,
				7D374A2E26283034003EEF59 /* Release */,
			);
			defaultConfigurationIsVisible = 0;
			defaultConfigurationName = Release;
		};
		7D374A2F26283034003EEF59 /* Build configuration list for PBXNativeTarget "ShareTracker" */ = {
			isa = XCConfigurationList;
			buildConfigurations = (
				7D374A3026283034003EEF59 /* Debug */,
				7D374A3126283034003EEF59 /* Release */,
			);
			defaultConfigurationIsVisible = 0;
			defaultConfigurationName = Release;
		};
/* End XCConfigurationList section */
	};
	rootObject = 7D374A1826283033003EEF59 /* Project object */;
}
